
Microsoft Visual Studio Solution File, Format Version 12.00
# Visual Studio 14
VisualStudioVersion = 14.0.25420.1
MinimumVisualStudioVersion = 10.0.40219.1
Project("{FAE04EC0-301F-11D3-BF4B-00C04F79EFBC}") = "nWorksLeaveApp.Android", "nWorksLeaveApp\nWorksLeaveApp.Android\nWorksLeaveApp.Android.csproj", "{DC5981C6-6102-49BF-B603-135CD0885519}"
EndProject
Project("{FAE04EC0-301F-11D3-BF4B-00C04F79EFBC}") = "nWorksLeaveApp", "nWorksLeaveApp\nWorksLeaveApp\nWorksLeaveApp.csproj", "{4DCC6D7C-0ADD-4969-8AE9-BA99ED1F0040}"
EndProject
Project("{FAE04EC0-301F-11D3-BF4B-00C04F79EFBC}") = "nWorksLeaveApp.UWP", "nWorksLeaveApp\nWorksLeaveApp.UWP\nWorksLeaveApp.UWP.csproj", "{AC087474-0692-4431-B5B9-191A7C78C9D2}"
EndProject
Project("{FAE04EC0-301F-11D3-BF4B-00C04F79EFBC}") = "nWorksLeaveApp.iOS", "nWorksLeaveApp\nWorksLeaveApp.iOS\nWorksLeaveApp.iOS.csproj", "{ABCD3C92-BFB1-4013-B590-E9EDB6E74DC0}"
EndProject
Global
	GlobalSection(SolutionConfigurationPlatforms) = preSolution
		Ad-Hoc|Any CPU = Ad-Hoc|Any CPU
		Ad-Hoc|ARM = Ad-Hoc|ARM
		Ad-Hoc|iPhone = Ad-Hoc|iPhone
		Ad-Hoc|iPhoneSimulator = Ad-Hoc|iPhoneSimulator
		Ad-Hoc|x64 = Ad-Hoc|x64
		Ad-Hoc|x86 = Ad-Hoc|x86
		AppStore|Any CPU = AppStore|Any CPU
		AppStore|ARM = AppStore|ARM
		AppStore|iPhone = AppStore|iPhone
		AppStore|iPhoneSimulator = AppStore|iPhoneSimulator
		AppStore|x64 = AppStore|x64
		AppStore|x86 = AppStore|x86
		Debug|Any CPU = Debug|Any CPU
		Debug|ARM = Debug|ARM
		Debug|iPhone = Debug|iPhone
		Debug|iPhoneSimulator = Debug|iPhoneSimulator
		Debug|x64 = Debug|x64
		Debug|x86 = Debug|x86
		Release|Any CPU = Release|Any CPU
		Release|ARM = Release|ARM
		Release|iPhone = Release|iPhone
		Release|iPhoneSimulator = Release|iPhoneSimulator
		Release|x64 = Release|x64
		Release|x86 = Release|x86
	EndGlobalSection
	GlobalSection(ProjectConfigurationPlatforms) = postSolution
		{DC5981C6-6102-49BF-B603-135CD0885519}.Ad-Hoc|Any CPU.ActiveCfg = Release|Any CPU
		{DC5981C6-6102-49BF-B603-135CD0885519}.Ad-Hoc|Any CPU.Build.0 = Release|Any CPU
		{DC5981C6-6102-49BF-B603-135CD0885519}.Ad-Hoc|Any CPU.Deploy.0 = Release|Any CPU
		{DC5981C6-6102-49BF-B603-135CD0885519}.Ad-Hoc|ARM.ActiveCfg = Release|Any CPU
		{DC5981C6-6102-49BF-B603-135CD0885519}.Ad-Hoc|ARM.Build.0 = Release|Any CPU
		{DC5981C6-6102-49BF-B603-135CD0885519}.Ad-Hoc|ARM.Deploy.0 = Release|Any CPU
		{DC5981C6-6102-49BF-B603-135CD0885519}.Ad-Hoc|iPhone.ActiveCfg = Release|Any CPU
		{DC5981C6-6102-49BF-B603-135CD0885519}.Ad-Hoc|iPhone.Build.0 = Release|Any CPU
		{DC5981C6-6102-49BF-B603-135CD0885519}.Ad-Hoc|iPhone.Deploy.0 = Release|Any CPU
		{DC5981C6-6102-49BF-B603-135CD0885519}.Ad-Hoc|iPhoneSimulator.ActiveCfg = Release|Any CPU
		{DC5981C6-6102-49BF-B603-135CD0885519}.Ad-Hoc|iPhoneSimulator.Build.0 = Release|Any CPU
		{DC5981C6-6102-49BF-B603-135CD0885519}.Ad-Hoc|iPhoneSimulator.Deploy.0 = Release|Any CPU
		{DC5981C6-6102-49BF-B603-135CD0885519}.Ad-Hoc|x64.ActiveCfg = Release|Any CPU
		{DC5981C6-6102-49BF-B603-135CD0885519}.Ad-Hoc|x64.Build.0 = Release|Any CPU
		{DC5981C6-6102-49BF-B603-135CD0885519}.Ad-Hoc|x64.Deploy.0 = Release|Any CPU
		{DC5981C6-6102-49BF-B603-135CD0885519}.Ad-Hoc|x86.ActiveCfg = Release|Any CPU
		{DC5981C6-6102-49BF-B603-135CD0885519}.Ad-Hoc|x86.Build.0 = Release|Any CPU
		{DC5981C6-6102-49BF-B603-135CD0885519}.Ad-Hoc|x86.Deploy.0 = Release|Any CPU
		{DC5981C6-6102-49BF-B603-135CD0885519}.AppStore|Any CPU.ActiveCfg = Release|Any CPU
		{DC5981C6-6102-49BF-B603-135CD0885519}.AppStore|Any CPU.Build.0 = Release|Any CPU
		{DC5981C6-6102-49BF-B603-135CD0885519}.AppStore|Any CPU.Deploy.0 = Release|Any CPU
		{DC5981C6-6102-49BF-B603-135CD0885519}.AppStore|ARM.ActiveCfg = Release|Any CPU
		{DC5981C6-6102-49BF-B603-135CD0885519}.AppStore|ARM.Build.0 = Release|Any CPU
		{DC5981C6-6102-49BF-B603-135CD0885519}.AppStore|ARM.Deploy.0 = Release|Any CPU
		{DC5981C6-6102-49BF-B603-135CD0885519}.AppStore|iPhone.ActiveCfg = Release|Any CPU
		{DC5981C6-6102-49BF-B603-135CD0885519}.AppStore|iPhone.Build.0 = Release|Any CPU
		{DC5981C6-6102-49BF-B603-135CD0885519}.AppStore|iPhone.Deploy.0 = Release|Any CPU
		{DC5981C6-6102-49BF-B603-135CD0885519}.AppStore|iPhoneSimulator.ActiveCfg = Release|Any CPU
		{DC5981C6-6102-49BF-B603-135CD0885519}.AppStore|iPhoneSimulator.Build.0 = Release|Any CPU
		{DC5981C6-6102-49BF-B603-135CD0885519}.AppStore|iPhoneSimulator.Deploy.0 = Release|Any CPU
		{DC5981C6-6102-49BF-B603-135CD0885519}.AppStore|x64.ActiveCfg = Release|Any CPU
		{DC5981C6-6102-49BF-B603-135CD0885519}.AppStore|x64.Build.0 = Release|Any CPU
		{DC5981C6-6102-49BF-B603-135CD0885519}.AppStore|x64.Deploy.0 = Release|Any CPU
		{DC5981C6-6102-49BF-B603-135CD0885519}.AppStore|x86.ActiveCfg = Release|Any CPU
		{DC5981C6-6102-49BF-B603-135CD0885519}.AppStore|x86.Build.0 = Release|Any CPU
		{DC5981C6-6102-49BF-B603-135CD0885519}.AppStore|x86.Deploy.0 = Release|Any CPU
		{DC5981C6-6102-49BF-B603-135CD0885519}.Debug|Any CPU.ActiveCfg = Debug|Any CPU
		{DC5981C6-6102-49BF-B603-135CD0885519}.Debug|Any CPU.Build.0 = Debug|Any CPU
		{DC5981C6-6102-49BF-B603-135CD0885519}.Debug|Any CPU.Deploy.0 = Debug|Any CPU
		{DC5981C6-6102-49BF-B603-135CD0885519}.Debug|ARM.ActiveCfg = Debug|Any CPU
		{DC5981C6-6102-49BF-B603-135CD0885519}.Debug|ARM.Build.0 = Debug|Any CPU
		{DC5981C6-6102-49BF-B603-135CD0885519}.Debug|ARM.Deploy.0 = Debug|Any CPU
		{DC5981C6-6102-49BF-B603-135CD0885519}.Debug|iPhone.ActiveCfg = Debug|Any CPU
		{DC5981C6-6102-49BF-B603-135CD0885519}.Debug|iPhone.Build.0 = Debug|Any CPU
		{DC5981C6-6102-49BF-B603-135CD0885519}.Debug|iPhone.Deploy.0 = Debug|Any CPU
		{DC5981C6-6102-49BF-B603-135CD0885519}.Debug|iPhoneSimulator.ActiveCfg = Debug|Any CPU
		{DC5981C6-6102-49BF-B603-135CD0885519}.Debug|iPhoneSimulator.Build.0 = Debug|Any CPU
		{DC5981C6-6102-49BF-B603-135CD0885519}.Debug|iPhoneSimulator.Deploy.0 = Debug|Any CPU
		{DC5981C6-6102-49BF-B603-135CD0885519}.Debug|x64.ActiveCfg = Debug|Any CPU
		{DC5981C6-6102-49BF-B603-135CD0885519}.Debug|x64.Build.0 = Debug|Any CPU
		{DC5981C6-6102-49BF-B603-135CD0885519}.Debug|x64.Deploy.0 = Debug|Any CPU
		{DC5981C6-6102-49BF-B603-135CD0885519}.Debug|x86.ActiveCfg = Debug|Any CPU
		{DC5981C6-6102-49BF-B603-135CD0885519}.Debug|x86.Build.0 = Debug|Any CPU
		{DC5981C6-6102-49BF-B603-135CD0885519}.Debug|x86.Deploy.0 = Debug|Any CPU
		{DC5981C6-6102-49BF-B603-135CD0885519}.Release|Any CPU.ActiveCfg = Release|Any CPU
		{DC5981C6-6102-49BF-B603-135CD0885519}.Release|Any CPU.Build.0 = Release|Any CPU
		{DC5981C6-6102-49BF-B603-135CD0885519}.Release|Any CPU.Deploy.0 = Release|Any CPU
		{DC5981C6-6102-49BF-B603-135CD0885519}.Release|ARM.ActiveCfg = Release|Any CPU
		{DC5981C6-6102-49BF-B603-135CD0885519}.Release|ARM.Build.0 = Release|Any CPU
		{DC5981C6-6102-49BF-B603-135CD0885519}.Release|ARM.Deploy.0 = Release|Any CPU
		{DC5981C6-6102-49BF-B603-135CD0885519}.Release|iPhone.ActiveCfg = Release|Any CPU
		{DC5981C6-6102-49BF-B603-135CD0885519}.Release|iPhone.Build.0 = Release|Any CPU
		{DC5981C6-6102-49BF-B603-135CD0885519}.Release|iPhone.Deploy.0 = Release|Any CPU
		{DC5981C6-6102-49BF-B603-135CD0885519}.Release|iPhoneSimulator.ActiveCfg = Release|Any CPU
		{DC5981C6-6102-49BF-B603-135CD0885519}.Release|iPhoneSimulator.Build.0 = Release|Any CPU
		{DC5981C6-6102-49BF-B603-135CD0885519}.Release|iPhoneSimulator.Deploy.0 = Release|Any CPU
		{DC5981C6-6102-49BF-B603-135CD0885519}.Release|x64.ActiveCfg = Release|Any CPU
		{DC5981C6-6102-49BF-B603-135CD0885519}.Release|x64.Build.0 = Release|Any CPU
		{DC5981C6-6102-49BF-B603-135CD0885519}.Release|x64.Deploy.0 = Release|Any CPU
		{DC5981C6-6102-49BF-B603-135CD0885519}.Release|x86.ActiveCfg = Release|Any CPU
		{DC5981C6-6102-49BF-B603-135CD0885519}.Release|x86.Build.0 = Release|Any CPU
		{DC5981C6-6102-49BF-B603-135CD0885519}.Release|x86.Deploy.0 = Release|Any CPU
		{4DCC6D7C-0ADD-4969-8AE9-BA99ED1F0040}.Ad-Hoc|Any CPU.ActiveCfg = Release|Any CPU
		{4DCC6D7C-0ADD-4969-8AE9-BA99ED1F0040}.Ad-Hoc|Any CPU.Build.0 = Release|Any CPU
		{4DCC6D7C-0ADD-4969-8AE9-BA99ED1F0040}.Ad-Hoc|ARM.ActiveCfg = Release|Any CPU
		{4DCC6D7C-0ADD-4969-8AE9-BA99ED1F0040}.Ad-Hoc|ARM.Build.0 = Release|Any CPU
		{4DCC6D7C-0ADD-4969-8AE9-BA99ED1F0040}.Ad-Hoc|iPhone.ActiveCfg = Release|Any CPU
		{4DCC6D7C-0ADD-4969-8AE9-BA99ED1F0040}.Ad-Hoc|iPhone.Build.0 = Release|Any CPU
		{4DCC6D7C-0ADD-4969-8AE9-BA99ED1F0040}.Ad-Hoc|iPhoneSimulator.ActiveCfg = Release|Any CPU
		{4DCC6D7C-0ADD-4969-8AE9-BA99ED1F0040}.Ad-Hoc|iPhoneSimulator.Build.0 = Release|Any CPU
		{4DCC6D7C-0ADD-4969-8AE9-BA99ED1F0040}.Ad-Hoc|x64.ActiveCfg = Release|Any CPU
		{4DCC6D7C-0ADD-4969-8AE9-BA99ED1F0040}.Ad-Hoc|x64.Build.0 = Release|Any CPU
		{4DCC6D7C-0ADD-4969-8AE9-BA99ED1F0040}.Ad-Hoc|x86.ActiveCfg = Release|Any CPU
		{4DCC6D7C-0ADD-4969-8AE9-BA99ED1F0040}.Ad-Hoc|x86.Build.0 = Release|Any CPU
		{4DCC6D7C-0ADD-4969-8AE9-BA99ED1F0040}.AppStore|Any CPU.ActiveCfg = Release|Any CPU
		{4DCC6D7C-0ADD-4969-8AE9-BA99ED1F0040}.AppStore|Any CPU.Build.0 = Release|Any CPU
		{4DCC6D7C-0ADD-4969-8AE9-BA99ED1F0040}.AppStore|ARM.ActiveCfg = Release|Any CPU
		{4DCC6D7C-0ADD-4969-8AE9-BA99ED1F0040}.AppStore|ARM.Build.0 = Release|Any CPU
		{4DCC6D7C-0ADD-4969-8AE9-BA99ED1F0040}.AppStore|iPhone.ActiveCfg = Release|Any CPU
		{4DCC6D7C-0ADD-4969-8AE9-BA99ED1F0040}.AppStore|iPhone.Build.0 = Release|Any CPU
		{4DCC6D7C-0ADD-4969-8AE9-BA99ED1F0040}.AppStore|iPhoneSimulator.ActiveCfg = Release|Any CPU
		{4DCC6D7C-0ADD-4969-8AE9-BA99ED1F0040}.AppStore|iPhoneSimulator.Build.0 = Release|Any CPU
		{4DCC6D7C-0ADD-4969-8AE9-BA99ED1F0040}.AppStore|x64.ActiveCfg = Release|Any CPU
		{4DCC6D7C-0ADD-4969-8AE9-BA99ED1F0040}.AppStore|x64.Build.0 = Release|Any CPU
		{4DCC6D7C-0ADD-4969-8AE9-BA99ED1F0040}.AppStore|x86.ActiveCfg = Release|Any CPU
		{4DCC6D7C-0ADD-4969-8AE9-BA99ED1F0040}.AppStore|x86.Build.0 = Release|Any CPU
		{4DCC6D7C-0ADD-4969-8AE9-BA99ED1F0040}.Debug|Any CPU.ActiveCfg = Debug|Any CPU
		{4DCC6D7C-0ADD-4969-8AE9-BA99ED1F0040}.Debug|Any CPU.Build.0 = Debug|Any CPU
		{4DCC6D7C-0ADD-4969-8AE9-BA99ED1F0040}.Debug|ARM.ActiveCfg = Debug|Any CPU
		{4DCC6D7C-0ADD-4969-8AE9-BA99ED1F0040}.Debug|ARM.Build.0 = Debug|Any CPU
		{4DCC6D7C-0ADD-4969-8AE9-BA99ED1F0040}.Debug|iPhone.ActiveCfg = Debug|Any CPU
		{4DCC6D7C-0ADD-4969-8AE9-BA99ED1F0040}.Debug|iPhone.Build.0 = Debug|Any CPU
		{4DCC6D7C-0ADD-4969-8AE9-BA99ED1F0040}.Debug|iPhoneSimulator.ActiveCfg = Debug|Any CPU
		{4DCC6D7C-0ADD-4969-8AE9-BA99ED1F0040}.Debug|iPhoneSimulator.Build.0 = Debug|Any CPU
		{4DCC6D7C-0ADD-4969-8AE9-BA99ED1F0040}.Debug|x64.ActiveCfg = Debug|Any CPU
		{4DCC6D7C-0ADD-4969-8AE9-BA99ED1F0040}.Debug|x64.Build.0 = Debug|Any CPU
		{4DCC6D7C-0ADD-4969-8AE9-BA99ED1F0040}.Debug|x86.ActiveCfg = Debug|Any CPU
		{4DCC6D7C-0ADD-4969-8AE9-BA99ED1F0040}.Debug|x86.Build.0 = Debug|Any CPU
		{4DCC6D7C-0ADD-4969-8AE9-BA99ED1F0040}.Release|Any CPU.ActiveCfg = Release|Any CPU
		{4DCC6D7C-0ADD-4969-8AE9-BA99ED1F0040}.Release|Any CPU.Build.0 = Release|Any CPU
		{4DCC6D7C-0ADD-4969-8AE9-BA99ED1F0040}.Release|ARM.ActiveCfg = Release|Any CPU
		{4DCC6D7C-0ADD-4969-8AE9-BA99ED1F0040}.Release|ARM.Build.0 = Release|Any CPU
		{4DCC6D7C-0ADD-4969-8AE9-BA99ED1F0040}.Release|iPhone.ActiveCfg = Release|Any CPU
		{4DCC6D7C-0ADD-4969-8AE9-BA99ED1F0040}.Release|iPhone.Build.0 = Release|Any CPU
		{4DCC6D7C-0ADD-4969-8AE9-BA99ED1F0040}.Release|iPhoneSimulator.ActiveCfg = Release|Any CPU
		{4DCC6D7C-0ADD-4969-8AE9-BA99ED1F0040}.Release|iPhoneSimulator.Build.0 = Release|Any CPU
		{4DCC6D7C-0ADD-4969-8AE9-BA99ED1F0040}.Release|x64.ActiveCfg = Release|Any CPU
		{4DCC6D7C-0ADD-4969-8AE9-BA99ED1F0040}.Release|x64.Build.0 = Release|Any CPU
		{4DCC6D7C-0ADD-4969-8AE9-BA99ED1F0040}.Release|x86.ActiveCfg = Release|Any CPU
		{4DCC6D7C-0ADD-4969-8AE9-BA99ED1F0040}.Release|x86.Build.0 = Release|Any CPU
		{AC087474-0692-4431-B5B9-191A7C78C9D2}.Ad-Hoc|Any CPU.ActiveCfg = Release|x86
		{AC087474-0692-4431-B5B9-191A7C78C9D2}.Ad-Hoc|Any CPU.Build.0 = Release|x86
		{AC087474-0692-4431-B5B9-191A7C78C9D2}.Ad-Hoc|Any CPU.Deploy.0 = Release|x86
		{AC087474-0692-4431-B5B9-191A7C78C9D2}.Ad-Hoc|ARM.ActiveCfg = Release|ARM
		{AC087474-0692-4431-B5B9-191A7C78C9D2}.Ad-Hoc|ARM.Build.0 = Release|ARM
		{AC087474-0692-4431-B5B9-191A7C78C9D2}.Ad-Hoc|ARM.Deploy.0 = Release|ARM
		{AC087474-0692-4431-B5B9-191A7C78C9D2}.Ad-Hoc|iPhone.ActiveCfg = Release|x86
		{AC087474-0692-4431-B5B9-191A7C78C9D2}.Ad-Hoc|iPhone.Build.0 = Release|x86
		{AC087474-0692-4431-B5B9-191A7C78C9D2}.Ad-Hoc|iPhone.Deploy.0 = Release|x86
		{AC087474-0692-4431-B5B9-191A7C78C9D2}.Ad-Hoc|iPhoneSimulator.ActiveCfg = Release|x86
		{AC087474-0692-4431-B5B9-191A7C78C9D2}.Ad-Hoc|iPhoneSimulator.Build.0 = Release|x86
		{AC087474-0692-4431-B5B9-191A7C78C9D2}.Ad-Hoc|iPhoneSimulator.Deploy.0 = Release|x86
		{AC087474-0692-4431-B5B9-191A7C78C9D2}.Ad-Hoc|x64.ActiveCfg = Release|x64
		{AC087474-0692-4431-B5B9-191A7C78C9D2}.Ad-Hoc|x64.Build.0 = Release|x64
		{AC087474-0692-4431-B5B9-191A7C78C9D2}.Ad-Hoc|x64.Deploy.0 = Release|x64
		{AC087474-0692-4431-B5B9-191A7C78C9D2}.Ad-Hoc|x86.ActiveCfg = Release|x86
		{AC087474-0692-4431-B5B9-191A7C78C9D2}.Ad-Hoc|x86.Build.0 = Release|x86
		{AC087474-0692-4431-B5B9-191A7C78C9D2}.Ad-Hoc|x86.Deploy.0 = Release|x86
		{AC087474-0692-4431-B5B9-191A7C78C9D2}.AppStore|Any CPU.ActiveCfg = Release|x86
		{AC087474-0692-4431-B5B9-191A7C78C9D2}.AppStore|Any CPU.Build.0 = Release|x86
		{AC087474-0692-4431-B5B9-191A7C78C9D2}.AppStore|Any CPU.Deploy.0 = Release|x86
		{AC087474-0692-4431-B5B9-191A7C78C9D2}.AppStore|ARM.ActiveCfg = Release|ARM
		{AC087474-0692-4431-B5B9-191A7C78C9D2}.AppStore|ARM.Build.0 = Release|ARM
		{AC087474-0692-4431-B5B9-191A7C78C9D2}.AppStore|ARM.Deploy.0 = Release|ARM
		{AC087474-0692-4431-B5B9-191A7C78C9D2}.AppStore|iPhone.ActiveCfg = Release|x86
		{AC087474-0692-4431-B5B9-191A7C78C9D2}.AppStore|iPhone.Build.0 = Release|x86
		{AC087474-0692-4431-B5B9-191A7C78C9D2}.AppStore|iPhone.Deploy.0 = Release|x86
		{AC087474-0692-4431-B5B9-191A7C78C9D2}.AppStore|iPhoneSimulator.ActiveCfg = Release|x86
		{AC087474-0692-4431-B5B9-191A7C78C9D2}.AppStore|iPhoneSimulator.Build.0 = Release|x86
		{AC087474-0692-4431-B5B9-191A7C78C9D2}.AppStore|iPhoneSimulator.Deploy.0 = Release|x86
		{AC087474-0692-4431-B5B9-191A7C78C9D2}.AppStore|x64.ActiveCfg = Release|x64
		{AC087474-0692-4431-B5B9-191A7C78C9D2}.AppStore|x64.Build.0 = Release|x64
		{AC087474-0692-4431-B5B9-191A7C78C9D2}.AppStore|x64.Deploy.0 = Release|x64
		{AC087474-0692-4431-B5B9-191A7C78C9D2}.AppStore|x86.ActiveCfg = Release|x86
		{AC087474-0692-4431-B5B9-191A7C78C9D2}.AppStore|x86.Build.0 = Release|x86
		{AC087474-0692-4431-B5B9-191A7C78C9D2}.AppStore|x86.Deploy.0 = Release|x86
		{AC087474-0692-4431-B5B9-191A7C78C9D2}.Debug|Any CPU.ActiveCfg = Debug|x86
		{AC087474-0692-4431-B5B9-191A7C78C9D2}.Debug|ARM.ActiveCfg = Debug|ARM
		{AC087474-0692-4431-B5B9-191A7C78C9D2}.Debug|ARM.Build.0 = Debug|ARM
		{AC087474-0692-4431-B5B9-191A7C78C9D2}.Debug|ARM.Deploy.0 = Debug|ARM
		{AC087474-0692-4431-B5B9-191A7C78C9D2}.Debug|iPhone.ActiveCfg = Debug|x86
		{AC087474-0692-4431-B5B9-191A7C78C9D2}.Debug|iPhoneSimulator.ActiveCfg = Debug|x86
		{AC087474-0692-4431-B5B9-191A7C78C9D2}.Debug|x64.ActiveCfg = Debug|x64
		{AC087474-0692-4431-B5B9-191A7C78C9D2}.Debug|x64.Build.0 = Debug|x64
		{AC087474-0692-4431-B5B9-191A7C78C9D2}.Debug|x64.Deploy.0 = Debug|x64
		{AC087474-0692-4431-B5B9-191A7C78C9D2}.Debug|x86.ActiveCfg = Debug|x86
		{AC087474-0692-4431-B5B9-191A7C78C9D2}.Debug|x86.Build.0 = Debug|x86
		{AC087474-0692-4431-B5B9-191A7C78C9D2}.Debug|x86.Deploy.0 = Debug|x86
		{AC087474-0692-4431-B5B9-191A7C78C9D2}.Release|Any CPU.ActiveCfg = Release|x86
		{AC087474-0692-4431-B5B9-191A7C78C9D2}.Release|ARM.ActiveCfg = Release|ARM
		{AC087474-0692-4431-B5B9-191A7C78C9D2}.Release|ARM.Build.0 = Release|ARM
		{AC087474-0692-4431-B5B9-191A7C78C9D2}.Release|ARM.Deploy.0 = Release|ARM
		{AC087474-0692-4431-B5B9-191A7C78C9D2}.Release|iPhone.ActiveCfg = Release|x86
		{AC087474-0692-4431-B5B9-191A7C78C9D2}.Release|iPhoneSimulator.ActiveCfg = Release|x86
		{AC087474-0692-4431-B5B9-191A7C78C9D2}.Release|x64.ActiveCfg = Release|x64
		{AC087474-0692-4431-B5B9-191A7C78C9D2}.Release|x64.Build.0 = Release|x64
		{AC087474-0692-4431-B5B9-191A7C78C9D2}.Release|x64.Deploy.0 = Release|x64
		{AC087474-0692-4431-B5B9-191A7C78C9D2}.Release|x86.ActiveCfg = Release|x86
		{AC087474-0692-4431-B5B9-191A7C78C9D2}.Release|x86.Build.0 = Release|x86
		{AC087474-0692-4431-B5B9-191A7C78C9D2}.Release|x86.Deploy.0 = Release|x86
		{ABCD3C92-BFB1-4013-B590-E9EDB6E74DC0}.Ad-Hoc|Any CPU.ActiveCfg = Ad-Hoc|iPhone
		{ABCD3C92-BFB1-4013-B590-E9EDB6E74DC0}.Ad-Hoc|ARM.ActiveCfg = Ad-Hoc|iPhone
		{ABCD3C92-BFB1-4013-B590-E9EDB6E74DC0}.Ad-Hoc|iPhone.ActiveCfg = Ad-Hoc|iPhone
		{ABCD3C92-BFB1-4013-B590-E9EDB6E74DC0}.Ad-Hoc|iPhone.Build.0 = Ad-Hoc|iPhone
		{ABCD3C92-BFB1-4013-B590-E9EDB6E74DC0}.Ad-Hoc|iPhoneSimulator.ActiveCfg = Ad-Hoc|iPhoneSimulator
		{ABCD3C92-BFB1-4013-B590-E9EDB6E74DC0}.Ad-Hoc|iPhoneSimulator.Build.0 = Ad-Hoc|iPhoneSimulator
		{ABCD3C92-BFB1-4013-B590-E9EDB6E74DC0}.Ad-Hoc|x64.ActiveCfg = Ad-Hoc|iPhone
		{ABCD3C92-BFB1-4013-B590-E9EDB6E74DC0}.Ad-Hoc|x86.ActiveCfg = Ad-Hoc|iPhone
		{ABCD3C92-BFB1-4013-B590-E9EDB6E74DC0}.AppStore|Any CPU.ActiveCfg = AppStore|iPhone
		{ABCD3C92-BFB1-4013-B590-E9EDB6E74DC0}.AppStore|ARM.ActiveCfg = AppStore|iPhone
		{ABCD3C92-BFB1-4013-B590-E9EDB6E74DC0}.AppStore|iPhone.ActiveCfg = AppStore|iPhone
		{ABCD3C92-BFB1-4013-B590-E9EDB6E74DC0}.AppStore|iPhone.Build.0 = AppStore|iPhone
		{ABCD3C92-BFB1-4013-B590-E9EDB6E74DC0}.AppStore|iPhoneSimulator.ActiveCfg = AppStore|iPhoneSimulator
		{ABCD3C92-BFB1-4013-B590-E9EDB6E74DC0}.AppStore|iPhoneSimulator.Build.0 = AppStore|iPhoneSimulator
		{ABCD3C92-BFB1-4013-B590-E9EDB6E74DC0}.AppStore|x64.ActiveCfg = AppStore|iPhone
		{ABCD3C92-BFB1-4013-B590-E9EDB6E74DC0}.AppStore|x86.ActiveCfg = AppStore|iPhone
		{ABCD3C92-BFB1-4013-B590-E9EDB6E74DC0}.Debug|Any CPU.ActiveCfg = Debug|iPhone
		{ABCD3C92-BFB1-4013-B590-E9EDB6E74DC0}.Debug|ARM.ActiveCfg = Debug|iPhone
		{ABCD3C92-BFB1-4013-B590-E9EDB6E74DC0}.Debug|iPhone.ActiveCfg = Debug|iPhone
		{ABCD3C92-BFB1-4013-B590-E9EDB6E74DC0}.Debug|iPhone.Build.0 = Debug|iPhone
		{ABCD3C92-BFB1-4013-B590-E9EDB6E74DC0}.Debug|iPhoneSimulator.ActiveCfg = Debug|iPhoneSimulator
		{ABCD3C92-BFB1-4013-B590-E9EDB6E74DC0}.Debug|iPhoneSimulator.Build.0 = Debug|iPhoneSimulator
		{ABCD3C92-BFB1-4013-B590-E9EDB6E74DC0}.Debug|x64.ActiveCfg = Debug|iPhone
		{ABCD3C92-BFB1-4013-B590-E9EDB6E74DC0}.Debug|x86.ActiveCfg = Debug|iPhone
		{ABCD3C92-BFB1-4013-B590-E9EDB6E74DC0}.Release|Any CPU.ActiveCfg = Release|iPhone
		{ABCD3C92-BFB1-4013-B590-E9EDB6E74DC0}.Release|ARM.ActiveCfg = Release|iPhone
		{ABCD3C92-BFB1-4013-B590-E9EDB6E74DC0}.Release|iPhone.ActiveCfg = Release|iPhone
		{ABCD3C92-BFB1-4013-B590-E9EDB6E74DC0}.Release|iPhone.Build.0 = Release|iPhone
		{ABCD3C92-BFB1-4013-B590-E9EDB6E74DC0}.Release|iPhoneSimulator.ActiveCfg = Release|iPhoneSimulator
		{ABCD3C92-BFB1-4013-B590-E9EDB6E74DC0}.Release|iPhoneSimulator.Build.0 = Release|iPhoneSimulator
		{ABCD3C92-BFB1-4013-B590-E9EDB6E74DC0}.Release|x64.ActiveCfg = Release|iPhone
		{ABCD3C92-BFB1-4013-B590-E9EDB6E74DC0}.Release|x86.ActiveCfg = Release|iPhone
	EndGlobalSection
	GlobalSection(SolutionProperties) = preSolution
		HideSolutionNode = FALSE
	EndGlobalSection
EndGlobal
